
Microsoft Visual Studio Solution File, Format Version 12.00
# Visual Studio 2012
Project("{FAE04EC0-301F-11D3-BF4B-00C04F79EFBC}") = "Nelibur.Sword", "Source\Nelibur.Sword\Nelibur.Sword.csproj", "{71FF2315-9038-4F0C-A145-00CADF3E881B}"
EndProject
Project("{FAE04EC0-301F-11D3-BF4B-00C04F79EFBC}") = "Nelibur", "Source\Nelibur\Nelibur.csproj", "{FD85B6D0-7260-4991-804B-981F8DB6592E}"
EndProject
Project("{2150E333-8FDC-42A3-9474-1A3956D46DE8}") = "Tests", "Tests", "{9110C2BA-5CAE-464B-95D0-9086CA945516}"
EndProject
Project("{FAE04EC0-301F-11D3-BF4B-00C04F79EFBC}") = "UnitTests", "Source\UnitTests\UnitTests.csproj", "{9D380F52-0A3D-452E-8F39-6131E070578C}"
EndProject
Project("{2150E333-8FDC-42A3-9474-1A3956D46DE8}") = ".nuget", ".nuget", "{7D59BB46-2426-4015-9E52-969228E3D6A6}"
	ProjectSection(SolutionItems) = preProject
		.nuget\NuGet.Config = .nuget\NuGet.Config
		.nuget\NuGet.exe = .nuget\NuGet.exe
		.nuget\NuGet.targets = .nuget\NuGet.targets
	EndProjectSection
EndProject
Project("{2150E333-8FDC-42A3-9474-1A3956D46DE8}") = "Samples", "Samples", "{1CFC4D1F-73AE-4FE7-BB52-95DCEFC34A7E}"
EndProject
Project("{2150E333-8FDC-42A3-9474-1A3956D46DE8}") = "Patterns", "Patterns", "{2753E3C4-2A11-4A50-818B-5EDB5B0EC63F}"
EndProject
Project("{FAE04EC0-301F-11D3-BF4B-00C04F79EFBC}") = "VisitorSample", "Samples\Patterns\VisitorSample\VisitorSample.csproj", "{34EFCD42-91D7-4635-B6F5-27E9970E0BFC}"
EndProject
Project("{2150E333-8FDC-42A3-9474-1A3956D46DE8}") = "SoapService", "SoapService", "{5484D5C5-A1B7-431F-BA24-46FD8F534CA8}"
EndProject
Project("{FAE04EC0-301F-11D3-BF4B-00C04F79EFBC}") = "SimpleSoapClient", "Samples\SoapService\SimpleSoapClient\SimpleSoapClient.csproj", "{3034517A-925C-4A80-A799-7213F8850B74}"
EndProject
Project("{FAE04EC0-301F-11D3-BF4B-00C04F79EFBC}") = "SimpleSoapContracts", "Samples\SoapService\SimpleSoapContracts\SimpleSoapContracts.csproj", "{00F3FECC-5E62-4652-BD8E-F00BEA22E639}"
EndProject
Project("{FAE04EC0-301F-11D3-BF4B-00C04F79EFBC}") = "SimpleSoapService", "Samples\SoapService\SimpleSoapService\SimpleSoapService.csproj", "{88B5F79B-8758-4ADC-9538-DF1A98245CD5}"
EndProject
Project("{2150E333-8FDC-42A3-9474-1A3956D46DE8}") = "RestServcie", "RestServcie", "{8A61EE73-A55E-483F-9432-6C3A69738016}"
EndProject
Project("{FAE04EC0-301F-11D3-BF4B-00C04F79EFBC}") = "SimpleRestService", "Samples\RestService\SimpleRestService\SimpleRestService.csproj", "{3EBAA711-599E-4B3B-B217-9B0637C62B4D}"
EndProject
Project("{FAE04EC0-301F-11D3-BF4B-00C04F79EFBC}") = "SimpleRestContracts", "Samples\RestService\SimpleRestContracts\SimpleRestContracts.csproj", "{E44B77B9-1517-44F7-BE98-72DE9F5C2A09}"
EndProject
Project("{FAE04EC0-301F-11D3-BF4B-00C04F79EFBC}") = "SimpleRestClient", "Samples\RestService\SimpleRestClient\SimpleRestClient.csproj", "{DB6A84B8-0658-4B63-8BD0-BB30E8C576C4}"
EndProject
Project("{F088123C-0E9E-452A-89E6-6BA2F21D5CAC}") = "ArchitectureOverview", "Source\ArchitectureOverview\ArchitectureOverview.modelproj", "{685B309C-BE23-47AF-965B-8D80EB44D1BE}"
EndProject
Project("{FAE04EC0-301F-11D3-BF4B-00C04F79EFBC}") = "SpecFlowTests", "Source\SpecFlowTests\SpecFlowTests.csproj", "{606698F0-75EF-43C6-8CC1-D29C951F69B5}"
EndProject
Project("{2150E333-8FDC-42A3-9474-1A3956D46DE8}") = "PerformanceTests", "PerformanceTests", "{4E219FB6-92F0-439F-9C82-F5AA25EF44F6}"
EndProject
Project("{FAE04EC0-301F-11D3-BF4B-00C04F79EFBC}") = "Performance.Nelibur.Client", "Source\Performance.Nelibur.Client\Performance.Nelibur.Client.csproj", "{B340804A-F8B2-413A-B6A5-4F4DFB6FB485}"
EndProject
Project("{FAE04EC0-301F-11D3-BF4B-00C04F79EFBC}") = "Performance.Nelibur.Service", "Source\Performance.Nelibur.Service\Performance.Nelibur.Service.csproj", "{FCB7BE1A-934B-4E34-B6EC-6B9F2EFD5356}"
EndProject
Project("{FAE04EC0-301F-11D3-BF4B-00C04F79EFBC}") = "Performance.Nelibur.Contracts", "Source\Performance.Nelibur.Contracts\Performance.Nelibur.Contracts.csproj", "{D2E87969-FBAA-479A-A9F3-6D40059D4471}"
EndProject
Project("{2150E333-8FDC-42A3-9474-1A3956D46DE8}") = "Build", "Build", "{26B5BB85-6C4A-4CAF-BBAF-92251E07B9AE}"
	ProjectSection(SolutionItems) = preProject
		FactTest.msbuild = FactTest.msbuild
		NuGet.msbuild = NuGet.msbuild
		Root.msbuild = Root.msbuild
		SpecFlowTest.msbuild = SpecFlowTest.msbuild
	EndProjectSection
EndProject
Project("{2150E333-8FDC-42A3-9474-1A3956D46DE8}") = "Solution Items", "Solution Items", "{89F3704D-FC6A-42FE-AA27-39679B50F0FC}"
	ProjectSection(SolutionItems) = preProject
		ReleaseNotes.markdown = ReleaseNotes.markdown
	EndProjectSection
EndProject
Global
	GlobalSection(SolutionConfigurationPlatforms) = preSolution
		Debug|Any CPU = Debug|Any CPU
		Release|Any CPU = Release|Any CPU
	EndGlobalSection
	GlobalSection(ProjectConfigurationPlatforms) = postSolution
		{71FF2315-9038-4F0C-A145-00CADF3E881B}.Debug|Any CPU.ActiveCfg = Debug|Any CPU
		{71FF2315-9038-4F0C-A145-00CADF3E881B}.Debug|Any CPU.Build.0 = Debug|Any CPU
		{71FF2315-9038-4F0C-A145-00CADF3E881B}.Release|Any CPU.ActiveCfg = Release|Any CPU
		{71FF2315-9038-4F0C-A145-00CADF3E881B}.Release|Any CPU.Build.0 = Release|Any CPU
		{FD85B6D0-7260-4991-804B-981F8DB6592E}.Debug|Any CPU.ActiveCfg = Debug|Any CPU
		{FD85B6D0-7260-4991-804B-981F8DB6592E}.Debug|Any CPU.Build.0 = Debug|Any CPU
		{FD85B6D0-7260-4991-804B-981F8DB6592E}.Release|Any CPU.ActiveCfg = Release|Any CPU
		{FD85B6D0-7260-4991-804B-981F8DB6592E}.Release|Any CPU.Build.0 = Release|Any CPU
		{9D380F52-0A3D-452E-8F39-6131E070578C}.Debug|Any CPU.ActiveCfg = Debug|Any CPU
		{9D380F52-0A3D-452E-8F39-6131E070578C}.Debug|Any CPU.Build.0 = Debug|Any CPU
		{9D380F52-0A3D-452E-8F39-6131E070578C}.Release|Any CPU.ActiveCfg = Release|Any CPU
		{9D380F52-0A3D-452E-8F39-6131E070578C}.Release|Any CPU.Build.0 = Release|Any CPU
		{34EFCD42-91D7-4635-B6F5-27E9970E0BFC}.Debug|Any CPU.ActiveCfg = Debug|Any CPU
		{34EFCD42-91D7-4635-B6F5-27E9970E0BFC}.Debug|Any CPU.Build.0 = Debug|Any CPU
		{34EFCD42-91D7-4635-B6F5-27E9970E0BFC}.Release|Any CPU.ActiveCfg = Release|Any CPU
		{34EFCD42-91D7-4635-B6F5-27E9970E0BFC}.Release|Any CPU.Build.0 = Release|Any CPU
		{3034517A-925C-4A80-A799-7213F8850B74}.Debug|Any CPU.ActiveCfg = Debug|Any CPU
		{3034517A-925C-4A80-A799-7213F8850B74}.Debug|Any CPU.Build.0 = Debug|Any CPU
		{3034517A-925C-4A80-A799-7213F8850B74}.Release|Any CPU.ActiveCfg = Release|Any CPU
		{3034517A-925C-4A80-A799-7213F8850B74}.Release|Any CPU.Build.0 = Release|Any CPU
		{00F3FECC-5E62-4652-BD8E-F00BEA22E639}.Debug|Any CPU.ActiveCfg = Debug|Any CPU
		{00F3FECC-5E62-4652-BD8E-F00BEA22E639}.Debug|Any CPU.Build.0 = Debug|Any CPU
		{00F3FECC-5E62-4652-BD8E-F00BEA22E639}.Release|Any CPU.ActiveCfg = Release|Any CPU
		{00F3FECC-5E62-4652-BD8E-F00BEA22E639}.Release|Any CPU.Build.0 = Release|Any CPU
		{88B5F79B-8758-4ADC-9538-DF1A98245CD5}.Debug|Any CPU.ActiveCfg = Debug|Any CPU
		{88B5F79B-8758-4ADC-9538-DF1A98245CD5}.Debug|Any CPU.Build.0 = Debug|Any CPU
		{88B5F79B-8758-4ADC-9538-DF1A98245CD5}.Release|Any CPU.ActiveCfg = Release|Any CPU
		{88B5F79B-8758-4ADC-9538-DF1A98245CD5}.Release|Any CPU.Build.0 = Release|Any CPU
		{3EBAA711-599E-4B3B-B217-9B0637C62B4D}.Debug|Any CPU.ActiveCfg = Debug|Any CPU
		{3EBAA711-599E-4B3B-B217-9B0637C62B4D}.Debug|Any CPU.Build.0 = Debug|Any CPU
		{3EBAA711-599E-4B3B-B217-9B0637C62B4D}.Release|Any CPU.ActiveCfg = Release|Any CPU
		{3EBAA711-599E-4B3B-B217-9B0637C62B4D}.Release|Any CPU.Build.0 = Release|Any CPU
		{E44B77B9-1517-44F7-BE98-72DE9F5C2A09}.Debug|Any CPU.ActiveCfg = Debug|Any CPU
		{E44B77B9-1517-44F7-BE98-72DE9F5C2A09}.Debug|Any CPU.Build.0 = Debug|Any CPU
		{E44B77B9-1517-44F7-BE98-72DE9F5C2A09}.Release|Any CPU.ActiveCfg = Release|Any CPU
		{E44B77B9-1517-44F7-BE98-72DE9F5C2A09}.Release|Any CPU.Build.0 = Release|Any CPU
		{DB6A84B8-0658-4B63-8BD0-BB30E8C576C4}.Debug|Any CPU.ActiveCfg = Debug|Any CPU
		{DB6A84B8-0658-4B63-8BD0-BB30E8C576C4}.Debug|Any CPU.Build.0 = Debug|Any CPU
		{DB6A84B8-0658-4B63-8BD0-BB30E8C576C4}.Release|Any CPU.ActiveCfg = Release|Any CPU
		{DB6A84B8-0658-4B63-8BD0-BB30E8C576C4}.Release|Any CPU.Build.0 = Release|Any CPU
		{685B309C-BE23-47AF-965B-8D80EB44D1BE}.Debug|Any CPU.ActiveCfg = Debug|Any CPU
		{685B309C-BE23-47AF-965B-8D80EB44D1BE}.Debug|Any CPU.Build.0 = Debug|Any CPU
		{685B309C-BE23-47AF-965B-8D80EB44D1BE}.Release|Any CPU.ActiveCfg = Release|Any CPU
		{685B309C-BE23-47AF-965B-8D80EB44D1BE}.Release|Any CPU.Build.0 = Release|Any CPU
		{606698F0-75EF-43C6-8CC1-D29C951F69B5}.Debug|Any CPU.ActiveCfg = Debug|Any CPU
		{606698F0-75EF-43C6-8CC1-D29C951F69B5}.Debug|Any CPU.Build.0 = Debug|Any CPU
		{606698F0-75EF-43C6-8CC1-D29C951F69B5}.Release|Any CPU.ActiveCfg = Release|Any CPU
		{606698F0-75EF-43C6-8CC1-D29C951F69B5}.Release|Any CPU.Build.0 = Release|Any CPU
		{B340804A-F8B2-413A-B6A5-4F4DFB6FB485}.Debug|Any CPU.ActiveCfg = Debug|Any CPU
		{B340804A-F8B2-413A-B6A5-4F4DFB6FB485}.Debug|Any CPU.Build.0 = Debug|Any CPU
		{B340804A-F8B2-413A-B6A5-4F4DFB6FB485}.Release|Any CPU.ActiveCfg = Release|Any CPU
		{B340804A-F8B2-413A-B6A5-4F4DFB6FB485}.Release|Any CPU.Build.0 = Release|Any CPU
		{FCB7BE1A-934B-4E34-B6EC-6B9F2EFD5356}.Debug|Any CPU.ActiveCfg = Debug|Any CPU
		{FCB7BE1A-934B-4E34-B6EC-6B9F2EFD5356}.Debug|Any CPU.Build.0 = Debug|Any CPU
		{FCB7BE1A-934B-4E34-B6EC-6B9F2EFD5356}.Release|Any CPU.ActiveCfg = Release|Any CPU
		{FCB7BE1A-934B-4E34-B6EC-6B9F2EFD5356}.Release|Any CPU.Build.0 = Release|Any CPU
		{D2E87969-FBAA-479A-A9F3-6D40059D4471}.Debug|Any CPU.ActiveCfg = Debug|Any CPU
		{D2E87969-FBAA-479A-A9F3-6D40059D4471}.Debug|Any CPU.Build.0 = Debug|Any CPU
		{D2E87969-FBAA-479A-A9F3-6D40059D4471}.Release|Any CPU.ActiveCfg = Release|Any CPU
		{D2E87969-FBAA-479A-A9F3-6D40059D4471}.Release|Any CPU.Build.0 = Release|Any CPU
	EndGlobalSection
	GlobalSection(SolutionProperties) = preSolution
		HideSolutionNode = FALSE
	EndGlobalSection
	GlobalSection(NestedProjects) = preSolution
		{9D380F52-0A3D-452E-8F39-6131E070578C} = {9110C2BA-5CAE-464B-95D0-9086CA945516}
		{606698F0-75EF-43C6-8CC1-D29C951F69B5} = {9110C2BA-5CAE-464B-95D0-9086CA945516}
		{2753E3C4-2A11-4A50-818B-5EDB5B0EC63F} = {1CFC4D1F-73AE-4FE7-BB52-95DCEFC34A7E}
		{5484D5C5-A1B7-431F-BA24-46FD8F534CA8} = {1CFC4D1F-73AE-4FE7-BB52-95DCEFC34A7E}
		{8A61EE73-A55E-483F-9432-6C3A69738016} = {1CFC4D1F-73AE-4FE7-BB52-95DCEFC34A7E}
		{34EFCD42-91D7-4635-B6F5-27E9970E0BFC} = {2753E3C4-2A11-4A50-818B-5EDB5B0EC63F}
		{3034517A-925C-4A80-A799-7213F8850B74} = {5484D5C5-A1B7-431F-BA24-46FD8F534CA8}
		{00F3FECC-5E62-4652-BD8E-F00BEA22E639} = {5484D5C5-A1B7-431F-BA24-46FD8F534CA8}
		{88B5F79B-8758-4ADC-9538-DF1A98245CD5} = {5484D5C5-A1B7-431F-BA24-46FD8F534CA8}
		{3EBAA711-599E-4B3B-B217-9B0637C62B4D} = {8A61EE73-A55E-483F-9432-6C3A69738016}
		{E44B77B9-1517-44F7-BE98-72DE9F5C2A09} = {8A61EE73-A55E-483F-9432-6C3A69738016}
		{DB6A84B8-0658-4B63-8BD0-BB30E8C576C4} = {8A61EE73-A55E-483F-9432-6C3A69738016}
		{B340804A-F8B2-413A-B6A5-4F4DFB6FB485} = {4E219FB6-92F0-439F-9C82-F5AA25EF44F6}
		{FCB7BE1A-934B-4E34-B6EC-6B9F2EFD5356} = {4E219FB6-92F0-439F-9C82-F5AA25EF44F6}
		{D2E87969-FBAA-479A-A9F3-6D40059D4471} = {4E219FB6-92F0-439F-9C82-F5AA25EF44F6}
	EndGlobalSection
EndGlobal
